PODS:
  - RxCocoa (2.0-alpha.1):
    - RxSwift (~> 2.0-alpha)
  - RxCocoaTouch (0.0.1):
    - RxCocoa
    - RxSwift
  - RxSwift (2.0-alpha.1)

DEPENDENCIES:
  - RxCocoa (from `https://github.com/ReactiveX/RxSwift.git`, tag `2.0-alpha.1`)
  - RxCocoaTouch (from `../`)
  - RxSwift (from `https://github.com/ReactiveX/RxSwift.git`, tag `2.0-alpha.1`)

EXTERNAL SOURCES:
  RxCocoa:
    :git: https://github.com/ReactiveX/RxSwift.git
    :tag: 2.0-alpha.1
  RxCocoaTouch:
    :path: "../"
  RxSwift:
    :git: https://github.com/ReactiveX/RxSwift.git
    :tag: 2.0-alpha.1

CHECKOUT OPTIONS:
  RxCocoa:
    :git: https://github.com/ReactiveX/RxSwift.git
    :tag: 2.0-alpha.1
  RxSwift:
    :git: https://github.com/ReactiveX/RxSwift.git
    :tag: 2.0-alpha.1

SPEC CHECKSUMS:
  RxCocoa: 9f4780fae87f6432ecba3f6bfa44a0e12a84b41b
  RxCocoaTouch: 701e7dc7ae89c92d6acfe3a3eedf21be4bd4954d
  RxSwift: 48982aff7a725bc6d0799aae6d539f360b940ff4

COCOAPODS: 0.38.2
